github.com/davecgh/go-spew v1.1.1 h1:vj9j/u1bqnvCEfJOwUhtlOARqs3+rkHYY13jYWTU97c=
github.com/davecgh/go-spew v1.1.1/go.mod h1:J7Y8YcW2NihsgmVo/mv3lAwl/skON4iLHjSsI+c5H38=
github.com/fatih/structs v1.1.0 h1:Q7juDM0QtcnhCpeyLGQKyg4TOIghuNXrkL32pHAUMxo=
github.com/fatih/structs v1.1.0/go.mod h1:9NiDSp5zOcgEDl+j00MP/WkGVPOlPRLejGD8Ga6PJ7M=
github.com/go-playground/locales v0.14.1 h1:EWaQ/wswjilfKLTECiXz7Rh+3BjFhfDFKv/oXslEjJA=
github.com/go-playground/locales v0.14.1/go.mod h1:hxrqLVvrK65+Rwrd5Fc6F2O76J/NuW9t0sjnWqG1slY=
github.com/go-playground/universal-translator v0.18.1 h1:Bcnm0ZwsGyWbCzImXv+pAJnYK9S473LQFuzCbDbfSFY=
github.com/go-playground/universal-translator v0.18.1/go.mod h1:xekY+UJKNuX9WP91TpwSH2VMlDf28Uj24BCp08ZFTUY=
github.com/go-playground/validator v9.31.0+incompatible h1:UA72EPEogEnq76ehGdEDp4Mit+3FDh548oRqwVgNsHA=
github.com/go-playground/validator v9.31.0+incompatible/go.mod h1:yrEkQXlcI+PugkyDjY2bRrL/UBU4f3rvrgkN3V8JEig=
github.com/golang-jwt/jwt/v5 v5.2.1 h1:OuVbFODueb089Lh128TAcimifWaLhJwVflnrgM17wHk=
github.com/golang-jwt/jwt/v5 v5.2.1/go.mod h1:pqrtFR0X4osieyHYxtmOUWsAWrfe1Q5UVIyoH402zdk=
github.com/golang/mock v1.6.0 h1:ErTB+efbowRARo13NNdxyJji2egdxLGQhRaY+DUumQc=
github.com/gorilla/mux v1.8.1 h1:TuBL49tXwgrFYWhqrNgrUNEY92u81SPhu7sTdzQEiWY=
github.com/gorilla/mux v1.8.1/go.mod h1:AKf9I4AEqPTmMytcMc0KkNouC66V3BtZ4qD5fmWSiMQ=
github.com/leodido/go-urn v1.4.0 h1:WT9HwE9SGECu3lg4d/dIA+jxlljEa1/ffXKmRjqdmIQ=
github.com/leodido/go-urn v1.4.0/go.mod h1:bvxc+MVxLKB4z00jd1z+Dvzr47oO32F/QSNjSBOlFxI=
github.com/mitchellh/mapstructure v1.1.2/go.mod h1:FVVH3fgwuzCH5S8UJGiWEs2h04kUh9fWfEaFds41c1Y=
github.com/mitchellh/mapstructure v1.5.0 h1:jeMsZIYE/09sWLaz43PL7Gy6RuMjD2eJVyuac5Z2hdY=
github.com/mitchellh/mapstructure v1.5.0/go.mod h1:bFUtVrKA4DC2yAKiSyO/QUcy7e+RRV2QTWOzhPopBRo=
github.com/pefish/go-core-strategy v0.1.5 h1:bJPXostrVVTiObcBiuLLlYT8LcqzwWVCFp4Fyo47hpM=
github.com/pefish/go-core-strategy v0.1.5/go.mod h1:QDe59VB1WZ5Na+EH2BJamvj0IVu4vfAOwg+gBuzJMuY=
github.com/pefish/go-core-strategy v0.1.7 h1:VX5HyyhQp8DhATYbT/60kgEEq6oLUdN1a1bZOuDLWLQ=
github.com/pefish/go-core-strategy v0.1.7/go.mod h1:pg5rB/TOKG80DgbdHbMt/+tpwAHE61eU/A5tmv0/jEo=
github.com/pefish/go-core-strategy v0.1.8 h1:bfL1Gj0KweFchSTjxetghZxzPcCNIp3u9lnpmro+Tq0=
github.com/pefish/go-core-strategy v0.1.8/go.mod h1:1/T9eDBzKpcv/VyCvFzvFw36xK7xgd/iQl6uYYOBpcA=
github.com/pefish/go-core-type v0.1.3 h1:NFef2oueHMVQD1b2rqbQT+/x2OZDA13MRbvBa92tkFc=
github.com/pefish/go-core-type v0.1.3/go.mod h1:D0xHk/Rzs/xuyyRDggnl4njgphLFiOjZGoTDmp4oQ9I=
github.com/pefish/go-core-type v0.1.4 h1:q32bLvKtDUhu7W+WRRJmz420hfm8LpS0Ea12fEKz6S8=
github.com/pefish/go-core-type v0.1.4/go.mod h1:i0JVI3T3BSWXLLCR4JA06YgBbQ35TO5UrMV9hdFiavc=
github.com/pefish/go-decimal v0.4.0 h1:RAPcIgoJmP1L4n2XnLMuWdOFv3TzP2Rn1UfbbLOk7Dk=
github.com/pefish/go-decimal v0.4.0/go.mod h1:p9D+rI1i86a7/NP87r3ryqk9Bj30ZWkj9tFXXQx6Kbk=
github.com/pefish/go-desensitize v0.0.7 h1:7YZMo6nWvb8soIB0HIG5qc0Zy1t9RBjZ6E7XcbzosBE=
github.com/pefish/go-desensitize v0.0.7/go.mod h1:uXY6qOL5bhJVNZALEUaWiIZ1uGe6d7u0pKsKBdBHHEg=
github.com/pefish/go-error v1.0.8 h1:IC1UCHkeFvtTpvDfVxBNEoA4yQNk4VKV+mhO3JW5Nxk=
github.com/pefish/go-error v1.0.8/go.mod h1:CGliu23YIh+xakY+vs6xWLoaXOMAq+2qT87dVN3ZlzM=
github.com/pefish/go-format v0.3.2 h1:0MihBkCV8WdY5GmHiaCAJnzbgv25mFmUcfnmumdSKrA=
github.com/pefish/go-format v0.3.2/go.mod h1:rI2ykz+2t8VattiNtK1yxm0KwsBOJTyPOMwSFblW62A=
github.com/pefish/go-json v0.1.7 h1:2zg5e7CqjdLFFhbSAYrpPvVVzJ85k6nbI6Z8fwqgwNs=
github.com/pefish/go-json v0.1.7/go.mod h1:z478hbwAD/l3Gxs8IGByt2HU6K8A+jRy8IJ5h2weOYc=
github.com/pefish/go-jwt v0.3.5 h1:QfS3tSv9u3WU3fSYHdJYWObhR7yyYdfZany9TD6CFjw=
github.com/pefish/go-jwt v0.3.5/go.mod h1:2NRwUN1JNiBHurFEH5Wo2HNiNTRDCSFYqzriKNVqdFk=
github.com/pefish/go-logger v0.5.6 h1:eAsk4iOZp/9fh5Rz/uRjtidNXBh4ovrgIHEkb/K297c=
github.com/pefish/go-logger v0.5.6/go.mod h1:Bj/z0Fz57Yvj+06UNKyqO461MFbj1Oxvtbo0bfVL79s=
github.com/pefish/go-reflect v0.2.2 h1:rNYU5mMIouRaZyAjDt2/rooNm0zx2IaRBa344Bq1s9o=
github.com/pefish/go-reflect v0.2.2/go.mod h1:J1PmxXVMl+IqyzuL1OndaKqZjkvfKLaZA9LpUCUB99c=
github.com/pefish/go-string v0.1.2 h1:l4c8082Fp+Niy+/yapax2p2Tnck9Y5D1Z9iBhUDoP4I=
github.com/pefish/go-string v0.1.2/go.mod h1:ZMKPtawOqjSiE40Rm2zg1mAMwFqSh0ENORRDJLKa2Nk=
github.com/pefish/go-task-driver v0.2.3 h1:h88ZO4v5cBndZdaxDucB9yJJM0vdDf9vAQ6lA/6ciU8=
github.com/pefish/go-task-driver v0.2.3/go.mod h1:wT3yVq14BccR+tg1W95qUbgDtmwykjFM2BmjWyCv8fM=
github.com/pefish/go-test v0.0.4 h1:s1RmZWe91K1MtENJUcl7CjGUFK/TmleZ5h3OkHq/BTI=
github.com/pefish/go-test-assert v0.0.1/go.mod h1:kfcsv5ag411u06gdV4iRKU8D0zOglian/DBacnCoQdc=
github.com/pefish/go-test-assert v0.0.2 h1:AuEJxG99DsFb9+qSUnSEWJDlTn0gf1PmGkKcOUAFAjw=
github.com/pkg/errors v0.9.1 h1:FEBLx1zS214owpjy7qsBeixbURkuhQAwrK5UwLGTwt4=
github.com/pkg/errors v0.9.1/go.mod h1:bwawxfHBFNV+L2hUp1rHADufV3IMtnDRdf1r5NINEl0=
github.com/pmezard/go-difflib v1.0.0 h1:4DBwDE0NGyQoBHbLQYPwSUPoCMWR5BEzIk/f1lZbAQM=
github.com/pmezard/go-difflib v1.0.0/go.mod h1:iKH77koFhYxTK1pcRnkKkqfTogsbg7gZNVY4sRDYZ/4=
github.com/stretchr/testify v1.9.0 h1:HtqpIVDClZ4nwg75+f6Lvsy/wHu+3BoSGCbBAcpTsTg=
go.uber.org/goleak v1.3.0 h1:2K3zAYmnTNqV73imy9J1T3WC+gmCePx2hEGkimedGto=
go.uber.org/multierr v1.11.0 h1:blXXJkSxSSfBVBlC76pxqeO+LN3aDfLQo+309xJstO0=
go.uber.org/multierr v1.11.0/go.mod h1:20+QtiLqy0Nd6FdQB9TLXag12DsQkrbs3htMFfDN80Y=
go.uber.org/zap v1.27.0 h1:aJMhYGrd5QSmlpLMr2MftRKl7t8J8PTZPA732ud/XR8=
go.uber.org/zap v1.27.0/go.mod h1:GB2qFLM7cTU87MWRP2mPIjqfIDnGu+VIO4V/SdhGo2E=
golang.org/x/net v0.24.0 h1:1PcaxkF854Fu3+lvBIx5SYn9wRlBzzcnHZSiaFFAb0w=
golang.org/x/net v0.24.0/go.mod h1:2Q7sJY5mzlzWjKtYUEXSlBWCdyaioyXzRB2RtU8KVE8=
golang.org/x/text v0.14.0 h1:ScX5w1eTa3QqT8oi6+ziP7dTV1S2+ALU0bI+0zXKWiQ=
golang.org/x/text v0.14.0/go.mod h1:18ZOQIKpY8NJVqYksKHtTdi31H5itFRjB5/qKTNYzSU=
gopkg.in/go-playground/assert.v1 v1.2.1 h1:xoYuJVE7KT85PYWrN730RguIQO0ePzVRfFMXadIrXTM=
gopkg.in/yaml.v3 v3.0.1 h1:fxVm/GzAzEWqLHuvctI91KS9hhNmmWOoWu0XTYJS7CA=
